
Microsoft Visual Studio Solution File, Format Version 12.00
# Visual Studio Version 16
VisualStudioVersion = 16.0.29306.81
MinimumVisualStudioVersion = 10.0.40219.1
Project("{FAE04EC0-301F-11D3-BF4B-00C04F79EFBC}") = "methodExercises", "methodExercises\methodExercises.csproj", "{B7EAB232-9646-4B47-AFF3-ACB124FDB3DD}"
EndProject
Global
	GlobalSection(SolutionConfigurationPlatforms) = preSolution
		Debug|Any CPU = Debug|Any CPU
		Release|Any CPU = Release|Any CPU
	EndGlobalSection
	GlobalSection(ProjectConfigurationPlatforms) = postSolution
		{B7EAB232-9646-4B47-AFF3-ACB124FDB3DD}.Debug|Any CPU.ActiveCfg = Debug|Any CPU
		{B7EAB232-9646-4B47-AFF3-ACB124FDB3DD}.Debug|Any CPU.Build.0 = Debug|Any CPU
		{B7EAB232-9646-4B47-AFF3-ACB124FDB3DD}.Release|Any CPU.ActiveCfg = Release|Any CPU
		{B7EAB232-9646-4B47-AFF3-ACB124FDB3DD}.Release|Any CPU.Build.0 = Release|Any CPU
	EndGlobalSection
	GlobalSection(SolutionProperties) = preSolution
		HideSolutionNode = FALSE
	EndGlobalSection
	GlobalSection(ExtensibilityGlobals) = postSolution
		SolutionGuid = {1392B620-281C-4B71-8274-4CA4A779E91F}
	EndGlobalSection
EndGlobal
