
Microsoft Visual Studio Solution File, Format Version 12.00
# Visual Studio Version 16
VisualStudioVersion = 16.0.29306.81
MinimumVisualStudioVersion = 10.0.40219.1
Project("{FAE04EC0-301F-11D3-BF4B-00C04F79EFBC}") = "projectExercises", "projectExercises\projectExercises.csproj", "{644A1587-5B93-4A57-9D02-BA22CD1B5A8E}"
EndProject
Global
	GlobalSection(SolutionConfigurationPlatforms) = preSolution
		Debug|Any CPU = Debug|Any CPU
		Release|Any CPU = Release|Any CPU
	EndGlobalSection
	GlobalSection(ProjectConfigurationPlatforms) = postSolution
		{644A1587-5B93-4A57-9D02-BA22CD1B5A8E}.Debug|Any CPU.ActiveCfg = Debug|Any CPU
		{644A1587-5B93-4A57-9D02-BA22CD1B5A8E}.Debug|Any CPU.Build.0 = Debug|Any CPU
		{644A1587-5B93-4A57-9D02-BA22CD1B5A8E}.Release|Any CPU.ActiveCfg = Release|Any CPU
		{644A1587-5B93-4A57-9D02-BA22CD1B5A8E}.Release|Any CPU.Build.0 = Release|Any CPU
	EndGlobalSection
	GlobalSection(SolutionProperties) = preSolution
		HideSolutionNode = FALSE
	EndGlobalSection
	GlobalSection(ExtensibilityGlobals) = postSolution
		SolutionGuid = {DB00988D-66CB-44B9-A7EF-5079E2A22B25}
	EndGlobalSection
EndGlobal
