
Microsoft Visual Studio Solution File, Format Version 12.00
# Visual Studio Version 16
VisualStudioVersion = 16.0.29306.81
MinimumVisualStudioVersion = 10.0.40219.1
Project("{FAE04EC0-301F-11D3-BF4B-00C04F79EFBC}") = "Exercise2", "Exercise2\Exercise2.csproj", "{AB3C64ED-6832-4CD4-98A1-345EA4CDB423}"
EndProject
Global
	GlobalSection(SolutionConfigurationPlatforms) = preSolution
		Debug|Any CPU = Debug|Any CPU
		Release|Any CPU = Release|Any CPU
	EndGlobalSection
	GlobalSection(ProjectConfigurationPlatforms) = postSolution
		{AB3C64ED-6832-4CD4-98A1-345EA4CDB423}.Debug|Any CPU.ActiveCfg = Debug|Any CPU
		{AB3C64ED-6832-4CD4-98A1-345EA4CDB423}.Debug|Any CPU.Build.0 = Debug|Any CPU
		{AB3C64ED-6832-4CD4-98A1-345EA4CDB423}.Release|Any CPU.ActiveCfg = Release|Any CPU
		{AB3C64ED-6832-4CD4-98A1-345EA4CDB423}.Release|Any CPU.Build.0 = Release|Any CPU
	EndGlobalSection
	GlobalSection(SolutionProperties) = preSolution
		HideSolutionNode = FALSE
	EndGlobalSection
	GlobalSection(ExtensibilityGlobals) = postSolution
		SolutionGuid = {F141A499-80FC-42D9-8763-A62785C6543C}
	EndGlobalSection
EndGlobal
